// !$*UTF8*$!
{
	archiveVersion = 1;
	classes = {
	};
	objectVersion = 46;
	objects = {

/* Begin PBXBuildFile section */
		9E20B7931CCAF5B300CF53FE /* SettingsOSTableViewController.swift in Sources */ = {isa = PBXBuildFile; fileRef = 9E20B7921CCAF5B300CF53FE /* SettingsOSTableViewController.swift */; };
		9E2221D91C3B52E500316FAE /* licenses in Resources */ = {isa = PBXBuildFile; fileRef = 9E2221D81C3B52E500316FAE /* licenses */; };
		9E2221DC1C3B586D00316FAE /* Settings.bundle in Resources */ = {isa = PBXBuildFile; fileRef = 9E2221DB1C3B586D00316FAE /* Settings.bundle */; };
		9E68FEE91C3A4312008B432F /* LICENSE in Resources */ = {isa = PBXBuildFile; fileRef = 9E68FEE81C3A4312008B432F /* LICENSE */; };
		9E8F83691C3B4ED4004A3492 /* Markdown.swift in Sources */ = {isa = PBXBuildFile; fileRef = 9E8F83671C3B4ED4004A3492 /* Markdown.swift */; };
		9E8F836A1C3B4ED4004A3492 /* SwiftyJSON.swift in Sources */ = {isa = PBXBuildFile; fileRef = 9E8F83681C3B4ED4004A3492 /* SwiftyJSON.swift */; };
		9EB4071F1CC901FB005407BE /* SettingsViewController.swift in Sources */ = {isa = PBXBuildFile; fileRef = 9EB4071E1CC901FB005407BE /* SettingsViewController.swift */; };
		9EFD4E961C3A08FF00D67927 /* AppDelegate.swift in Sources */ = {isa = PBXBuildFile; fileRef = 9EFD4E951C3A08FF00D67927 /* AppDelegate.swift */; };
		9EFD4E981C3A08FF00D67927 /* ViewController.swift in Sources */ = {isa = PBXBuildFile; fileRef = 9EFD4E971C3A08FF00D67927 /* ViewController.swift */; };
		9EFD4E9B1C3A08FF00D67927 /* Main.storyboard in Resources */ = {isa = PBXBuildFile; fileRef = 9EFD4E991C3A08FF00D67927 /* Main.storyboard */; };
		9EFD4E9D1C3A08FF00D67927 /* Assets.xcassets in Resources */ = {isa = PBXBuildFile; fileRef = 9EFD4E9C1C3A08FF00D67927 /* Assets.xcassets */; };
		9EFD4EA01C3A08FF00D67927 /* LaunchScreen.storyboard in Resources */ = {isa = PBXBuildFile; fileRef = 9EFD4E9E1C3A08FF00D67927 /* LaunchScreen.storyboard */; };
		9EFD4EAB1C3A08FF00D67927 /* tldrTests.swift in Sources */ = {isa = PBXBuildFile; fileRef = 9EFD4EAA1C3A08FF00D67927 /* tldrTests.swift */; };
		9EFD4EB61C3A08FF00D67927 /* tldrUITests.swift in Sources */ = {isa = PBXBuildFile; fileRef = 9EFD4EB51C3A08FF00D67927 /* tldrUITests.swift */; };
		9EFD4EC61C3A0ACC00D67927 /* pages in Resources */ = {isa = PBXBuildFile; fileRef = 9EFD4EC51C3A0ACC00D67927 /* pages */; };
/* End PBXBuildFile section */

/* Begin PBXContainerItemProxy section */
		9EFD4EA71C3A08FF00D67927 /* PBXContainerItemProxy */ = {
			isa = PBXContainerItemProxy;
			containerPortal = 9EFD4E8A1C3A08FF00D67927 /* Project object */;
			proxyType = 1;
			remoteGlobalIDString = 9EFD4E911C3A08FF00D67927;
			remoteInfo = tldr;
		};
		9EFD4EB21C3A08FF00D67927 /* PBXContainerItemProxy */ = {
			isa = PBXContainerItemProxy;
			containerPortal = 9EFD4E8A1C3A08FF00D67927 /* Project object */;
			proxyType = 1;
			remoteGlobalIDString = 9EFD4E911C3A08FF00D67927;
			remoteInfo = tldr;
		};
/* End PBXContainerItemProxy section */

/* Begin PBXFileReference section */
		9E20B7921CCAF5B300CF53FE /* SettingsOSTableViewController.swift */ = {isa = PBXFileReference; fileEncoding = 4; lastKnownFileType = sourcecode.swift; name = SettingsOSTableViewController.swift; path = ../SettingsOSTableViewController.swift; sourceTree = "<group>"; };
		9E2221D81C3B52E500316FAE /* licenses */ = {isa = PBXFileReference; lastKnownFileType = folder; path = licenses; sourceTree = "<group>"; };
		9E2221DB1C3B586D00316FAE /* Settings.bundle */ = {isa = PBXFileReference; lastKnownFileType = "wrapper.plug-in"; path = Settings.bundle; sourceTree = "<group>"; };
		9E68FEE61C3A3F47008B432F /* README.md */ = {isa = PBXFileReference; fileEncoding = 4; lastKnownFileType = net.daringfireball.markdown; path = README.md; sourceTree = "<group>"; };
		9E68FEE81C3A4312008B432F /* LICENSE */ = {isa = PBXFileReference; fileEncoding = 4; lastKnownFileType = text; path = LICENSE; sourceTree = "<group>"; };
		9E8F83671C3B4ED4004A3492 /* Markdown.swift */ = {isa = PBXFileReference; fileEncoding = 4; lastKnownFileType = sourcecode.swift; path = Markdown.swift; sourceTree = "<group>"; };
		9E8F83681C3B4ED4004A3492 /* SwiftyJSON.swift */ = {isa = PBXFileReference; fileEncoding = 4; lastKnownFileType = sourcecode.swift; path = SwiftyJSON.swift; sourceTree = "<group>"; };
		9EB4071E1CC901FB005407BE /* SettingsViewController.swift */ = {isa = PBXFileReference; fileEncoding = 4; lastKnownFileType = sourcecode.swift; name = SettingsViewController.swift; path = ../SettingsViewController.swift; sourceTree = "<group>"; };
		9EFD4E921C3A08FF00D67927 /* tldr.app */ = {isa = PBXFileReference; explicitFileType = wrapper.application; includeInIndex = 0; path = tldr.app; sourceTree = BUILT_PRODUCTS_DIR; };
		9EFD4E951C3A08FF00D67927 /* AppDelegate.swift */ = {isa = PBXFileReference; lastKnownFileType = sourcecode.swift; path = AppDelegate.swift; sourceTree = "<group>"; };
		9EFD4E971C3A08FF00D67927 /* ViewController.swift */ = {isa = PBXFileReference; lastKnownFileType = sourcecode.swift; name = ViewController.swift; path = tldr/ViewController.swift; sourceTree = SOURCE_ROOT; };
		9EFD4E9A1C3A08FF00D67927 /* Base */ = {isa = PBXFileReference; lastKnownFileType = file.storyboard; name = Base; path = Base.lproj/Main.storyboard; sourceTree = "<group>"; };
		9EFD4E9C1C3A08FF00D67927 /* Assets.xcassets */ = {isa = PBXFileReference; lastKnownFileType = folder.assetcatalog; path = Assets.xcassets; sourceTree = "<group>"; };
		9EFD4E9F1C3A08FF00D67927 /* Base */ = {isa = PBXFileReference; lastKnownFileType = file.storyboard; name = Base; path = Base.lproj/LaunchScreen.storyboard; sourceTree = "<group>"; };
		9EFD4EA11C3A08FF00D67927 /* Info.plist */ = {isa = PBXFileReference; lastKnownFileType = text.plist.xml; path = Info.plist; sourceTree = "<group>"; };
		9EFD4EA61C3A08FF00D67927 /* tldrTests.xctest */ = {isa = PBXFileReference; explicitFileType = wrapper.cfbundle; includeInIndex = 0; path = tldrTests.xctest; sourceTree = BUILT_PRODUCTS_DIR; };
		9EFD4EAA1C3A08FF00D67927 /* tldrTests.swift */ = {isa = PBXFileReference; lastKnownFileType = sourcecode.swift; path = tldrTests.swift; sourceTree = "<group>"; };
		9EFD4EAC1C3A08FF00D67927 /* Info.plist */ = {isa = PBXFileReference; lastKnownFileType = text.plist.xml; path = Info.plist; sourceTree = "<group>"; };
		9EFD4EB11C3A08FF00D67927 /* tldrUITests.xctest */ = {isa = PBXFileReference; explicitFileType = wrapper.cfbundle; includeInIndex = 0; path = tldrUITests.xctest; sourceTree = BUILT_PRODUCTS_DIR; };
		9EFD4EB51C3A08FF00D67927 /* tldrUITests.swift */ = {isa = PBXFileReference; lastKnownFileType = sourcecode.swift; path = tldrUITests.swift; sourceTree = "<group>"; };
		9EFD4EB71C3A08FF00D67927 /* Info.plist */ = {isa = PBXFileReference; lastKnownFileType = text.plist.xml; path = Info.plist; sourceTree = "<group>"; };
		9EFD4EC51C3A0ACC00D67927 /* pages */ = {isa = PBXFileReference; lastKnownFileType = folder; path = pages; sourceTree = "<group>"; };
/* End PBXFileReference section */

/* Begin PBXFrameworksBuildPhase section */
		9EFD4E8F1C3A08FF00D67927 /* Frameworks */ = {
			isa = PBXFrameworksBuildPhase;
			buildActionMask = 2147483647;
			files = (
			);
			runOnlyForDeploymentPostprocessing = 0;
		};
		9EFD4EA31C3A08FF00D67927 /* Frameworks */ = {
			isa = PBXFrameworksBuildPhase;
			buildActionMask = 2147483647;
			files = (
			);
			runOnlyForDeploymentPostprocessing = 0;
		};
		9EFD4EAE1C3A08FF00D67927 /* Frameworks */ = {
			isa = PBXFrameworksBuildPhase;
			buildActionMask = 2147483647;
			files = (
			);
			runOnlyForDeploymentPostprocessing = 0;
		};
/* End PBXFrameworksBuildPhase section */

/* Begin PBXGroup section */
		9EFD4E891C3A08FF00D67927 = {
			isa = PBXGroup;
			children = (
				9E2221DB1C3B586D00316FAE /* Settings.bundle */,
				9E2221D81C3B52E500316FAE /* licenses */,
				9E68FEE81C3A4312008B432F /* LICENSE */,
				9E68FEE61C3A3F47008B432F /* README.md */,
				9EFD4E941C3A08FF00D67927 /* tldr */,
				9EFD4EA91C3A08FF00D67927 /* tldrTests */,
				9EFD4EB41C3A08FF00D67927 /* tldrUITests */,
				9EFD4E931C3A08FF00D67927 /* Products */,
			);
			sourceTree = "<group>";
		};
		9EFD4E931C3A08FF00D67927 /* Products */ = {
			isa = PBXGroup;
			children = (
				9EFD4E921C3A08FF00D67927 /* tldr.app */,
				9EFD4EA61C3A08FF00D67927 /* tldrTests.xctest */,
				9EFD4EB11C3A08FF00D67927 /* tldrUITests.xctest */,
			);
			name = Products;
			sourceTree = "<group>";
		};
		9EFD4E941C3A08FF00D67927 /* tldr */ = {
			isa = PBXGroup;
			children = (
				9E8F83671C3B4ED4004A3492 /* Markdown.swift */,
				9E8F83681C3B4ED4004A3492 /* SwiftyJSON.swift */,
				9EFD4E951C3A08FF00D67927 /* AppDelegate.swift */,
				9EFD4E971C3A08FF00D67927 /* ViewController.swift */,
				9EB4071E1CC901FB005407BE /* SettingsViewController.swift */,
				9E20B7921CCAF5B300CF53FE /* SettingsOSTableViewController.swift */,
				9EFD4E991C3A08FF00D67927 /* Main.storyboard */,
				9EFD4E9C1C3A08FF00D67927 /* Assets.xcassets */,
				9EFD4E9E1C3A08FF00D67927 /* LaunchScreen.storyboard */,
				9EFD4EC51C3A0ACC00D67927 /* pages */,
				9EFD4EA11C3A08FF00D67927 /* Info.plist */,
			);
			path = tldr;
			sourceTree = "<group>";
		};
		9EFD4EA91C3A08FF00D67927 /* tldrTests */ = {
			isa = PBXGroup;
			children = (
				9EFD4EAA1C3A08FF00D67927 /* tldrTests.swift */,
				9EFD4EAC1C3A08FF00D67927 /* Info.plist */,
			);
			path = tldrTests;
			sourceTree = "<group>";
		};
		9EFD4EB41C3A08FF00D67927 /* tldrUITests */ = {
			isa = PBXGroup;
			children = (
				9EFD4EB51C3A08FF00D67927 /* tldrUITests.swift */,
				9EFD4EB71C3A08FF00D67927 /* Info.plist */,
			);
			path = tldrUITests;
			sourceTree = "<group>";
		};
/* End PBXGroup section */

/* Begin PBXNativeTarget section */
		9EFD4E911C3A08FF00D67927 /* tldr */ = {
			isa = PBXNativeTarget;
			buildConfigurationList = 9EFD4EBA1C3A08FF00D67927 /* Build configuration list for PBXNativeTarget "tldr" */;
			buildPhases = (
				9E8F836D1C3B4FF2004A3492 /* ShellScript */,
				9EFD4E8E1C3A08FF00D67927 /* Sources */,
				9EFD4E8F1C3A08FF00D67927 /* Frameworks */,
				9EFD4E901C3A08FF00D67927 /* Resources */,
			);
			buildRules = (
			);
			dependencies = (
			);
			name = tldr;
			productName = tldr;
			productReference = 9EFD4E921C3A08FF00D67927 /* tldr.app */;
			productType = "com.apple.product-type.application";
		};
		9EFD4EA51C3A08FF00D67927 /* tldrTests */ = {
			isa = PBXNativeTarget;
			buildConfigurationList = 9EFD4EBD1C3A08FF00D67927 /* Build configuration list for PBXNativeTarget "tldrTests" */;
			buildPhases = (
				9EFD4EA21C3A08FF00D67927 /* Sources */,
				9EFD4EA31C3A08FF00D67927 /* Frameworks */,
				9EFD4EA41C3A08FF00D67927 /* Resources */,
			);
			buildRules = (
			);
			dependencies = (
				9EFD4EA81C3A08FF00D67927 /* PBXTargetDependency */,
			);
			name = tldrTests;
			productName = tldrTests;
			productReference = 9EFD4EA61C3A08FF00D67927 /* tldrTests.xctest */;
			productType = "com.apple.product-type.bundle.unit-test";
		};
		9EFD4EB01C3A08FF00D67927 /* tldrUITests */ = {
			isa = PBXNativeTarget;
			buildConfigurationList = 9EFD4EC01C3A08FF00D67927 /* Build configuration list for PBXNativeTarget "tldrUITests" */;
			buildPhases = (
				9EFD4EAD1C3A08FF00D67927 /* Sources */,
				9EFD4EAE1C3A08FF00D67927 /* Frameworks */,
				9EFD4EAF1C3A08FF00D67927 /* Resources */,
			);
			buildRules = (
			);
			dependencies = (
				9EFD4EB31C3A08FF00D67927 /* PBXTargetDependency */,
			);
			name = tldrUITests;
			productName = tldrUITests;
			productReference = 9EFD4EB11C3A08FF00D67927 /* tldrUITests.xctest */;
			productType = "com.apple.product-type.bundle.ui-testing";
		};
/* End PBXNativeTarget section */

/* Begin PBXProject section */
		9EFD4E8A1C3A08FF00D67927 /* Project object */ = {
			isa = PBXProject;
			attributes = {
				LastSwiftUpdateCheck = 0720;
				LastUpgradeCheck = 0720;
				ORGANIZATIONNAME = "Daniel Muckerman";
				TargetAttributes = {
					9EFD4E911C3A08FF00D67927 = {
						CreatedOnToolsVersion = 7.2;
						DevelopmentTeam = 6SY7MMTSJ6;
					};
					9EFD4EA51C3A08FF00D67927 = {
						CreatedOnToolsVersion = 7.2;
						TestTargetID = 9EFD4E911C3A08FF00D67927;
					};
					9EFD4EB01C3A08FF00D67927 = {
						CreatedOnToolsVersion = 7.2;
						TestTargetID = 9EFD4E911C3A08FF00D67927;
					};
				};
			};
			buildConfigurationList = 9EFD4E8D1C3A08FF00D67927 /* Build configuration list for PBXProject "tldr" */;
			compatibilityVersion = "Xcode 3.2";
			developmentRegion = English;
			hasScannedForEncodings = 0;
			knownRegions = (
				en,
				Base,
			);
			mainGroup = 9EFD4E891C3A08FF00D67927;
			productRefGroup = 9EFD4E931C3A08FF00D67927 /* Products */;
			projectDirPath = "";
			projectRoot = "";
			targets = (
				9EFD4E911C3A08FF00D67927 /* tldr */,
				9EFD4EA51C3A08FF00D67927 /* tldrTests */,
				9EFD4EB01C3A08FF00D67927 /* tldrUITests */,
			);
		};
/* End PBXProject section */

/* Begin PBXResourcesBuildPhase section */
		9EFD4E901C3A08FF00D67927 /* Resources */ = {
			isa = PBXResourcesBuildPhase;
			buildActionMask = 2147483647;
			files = (
				9E2221D91C3B52E500316FAE /* licenses in Resources */,
				9EFD4EA01C3A08FF00D67927 /* LaunchScreen.storyboard in Resources */,
				9EFD4EC61C3A0ACC00D67927 /* pages in Resources */,
				9EFD4E9D1C3A08FF00D67927 /* Assets.xcassets in Resources */,
				9EFD4E9B1C3A08FF00D67927 /* Main.storyboard in Resources */,
				9E68FEE91C3A4312008B432F /* LICENSE in Resources */,
				9E2221DC1C3B586D00316FAE /* Settings.bundle in Resources */,
			);
			runOnlyForDeploymentPostprocessing = 0;
		};
		9EFD4EA41C3A08FF00D67927 /* Resources */ = {
			isa = PBXResourcesBuildPhase;
			buildActionMask = 2147483647;
			files = (
			);
			runOnlyForDeploymentPostprocessing = 0;
		};
		9EFD4EAF1C3A08FF00D67927 /* Resources */ = {
			isa = PBXResourcesBuildPhase;
			buildActionMask = 2147483647;
			files = (
			);
			runOnlyForDeploymentPostprocessing = 0;
		};
/* End PBXResourcesBuildPhase section */

/* Begin PBXShellScriptBuildPhase section */
		9E8F836D1C3B4FF2004A3492 /* ShellScript */ = {
			isa = PBXShellScriptBuildPhase;
			buildActionMask = 2147483647;
			files = (
			);
			inputPaths = (
			);
			outputPaths = (
			);
			runOnlyForDeploymentPostprocessing = 0;
			shellPath = /bin/sh;
			shellScript = "if gem list CFPropertyList -i; then\nruby $SRCROOT/licenses/acknowledgementGenerator.rb \"$SRCROOT/Settings.bundle\" \"$SRCROOT/licenses\"\nfi";
		};
/* End PBXShellScriptBuildPhase section */

/* Begin PBXSourcesBuildPhase section */
		9EFD4E8E1C3A08FF00D67927 /* Sources */ = {
			isa = PBXSourcesBuildPhase;
			buildActionMask = 2147483647;
			files = (
				9E8F83691C3B4ED4004A3492 /* Markdown.swift in Sources */,
				9EFD4E981C3A08FF00D67927 /* ViewController.swift in Sources */,
				9E20B7931CCAF5B300CF53FE /* SettingsOSTableViewController.swift in Sources */,
				9E8F836A1C3B4ED4004A3492 /* SwiftyJSON.swift in Sources */,
				9EB4071F1CC901FB005407BE /* SettingsViewController.swift in Sources */,
				9EFD4E961C3A08FF00D67927 /* AppDelegate.swift in Sources */,
			);
			runOnlyForDeploymentPostprocessing = 0;
		};
		9EFD4EA21C3A08FF00D67927 /* Sources */ = {
			isa = PBXSourcesBuildPhase;
			buildActionMask = 2147483647;
			files = (
				9EFD4EAB1C3A08FF00D67927 /* tldrTests.swift in Sources */,
			);
			runOnlyForDeploymentPostprocessing = 0;
		};
		9EFD4EAD1C3A08FF00D67927 /* Sources */ = {
			isa = PBXSourcesBuildPhase;
			buildActionMask = 2147483647;
			files = (
				9EFD4EB61C3A08FF00D67927 /* tldrUITests.swift in Sources */,
			);
			runOnlyForDeploymentPostprocessing = 0;
		};
/* End PBXSourcesBuildPhase section */

/* Begin PBXTargetDependency section */
		9EFD4EA81C3A08FF00D67927 /* PBXTargetDependency */ = {
			isa = PBXTargetDependency;
			target = 9EFD4E911C3A08FF00D67927 /* tldr */;
			targetProxy = 9EFD4EA71C3A08FF00D67927 /* PBXContainerItemProxy */;
		};
		9EFD4EB31C3A08FF00D67927 /* PBXTargetDependency */ = {
			isa = PBXTargetDependency;
			target = 9EFD4E911C3A08FF00D67927 /* tldr */;
			targetProxy = 9EFD4EB21C3A08FF00D67927 /* PBXContainerItemProxy */;
		};
/* End PBXTargetDependency section */

/* Begin PBXVariantGroup section */
		9EFD4E991C3A08FF00D67927 /* Main.storyboard */ = {
			isa = PBXVariantGroup;
			children = (
				9EFD4E9A1C3A08FF00D67927 /* Base */,
			);
			name = Main.storyboard;
			sourceTree = "<group>";
		};
		9EFD4E9E1C3A08FF00D67927 /* LaunchScreen.storyboard */ = {
			isa = PBXVariantGroup;
			children = (
				9EFD4E9F1C3A08FF00D67927 /* Base */,
			);
			name = LaunchScreen.storyboard;
			sourceTree = "<group>";
		};
/* End PBXVariantGroup section */

/* Begin XCBuildConfiguration section */
		9EFD4EB81C3A08FF00D67927 /* Debug */ = {
			isa = XCBuildConfiguration;
			buildSettings = {
				ALWAYS_SEARCH_USER_PATHS = NO;
				CLANG_CXX_LANGUAGE_STANDARD = "gnu++0x";
				CLANG_CXX_LIBRARY = "libc++";
				CLANG_ENABLE_MODULES = YES;
				CLANG_ENABLE_OBJC_ARC = YES;
				CLANG_WARN_BOOL_CONVERSION = YES;
				CLANG_WARN_CONSTANT_CONVERSION = YES;
				CLANG_WARN_DIRECT_OBJC_ISA_USAGE = YES_ERROR;
				CLANG_WARN_EMPTY_BODY = YES;
				CLANG_WARN_ENUM_CONVERSION = YES;
				CLANG_WARN_INT_CONVERSION = YES;
				CLANG_WARN_OBJC_ROOT_CLASS = YES_ERROR;
				CLANG_WARN_UNREACHABLE_CODE = YES;
				CLANG_WARN__DUPLICATE_METHOD_MATCH = YES;
				"CODE_SIGN_IDENTITY[sdk=iphoneos*]" = "iPhone Developer";
				COPY_PHASE_STRIP = NO;
				DEBUG_INFORMATION_FORMAT = dwarf;
				ENABLE_STRICT_OBJC_MSGSEND = YES;
				ENABLE_TESTABILITY = YES;
				GCC_C_LANGUAGE_STANDARD = gnu99;
				GCC_DYNAMIC_NO_PIC = NO;
				GCC_NO_COMMON_BLOCKS = YES;
				GCC_OPTIMIZATION_LEVEL = 0;
				GCC_PREPROCESSOR_DEFINITIONS = (
					"DEBUG=1",
					"$(inherited)",
				);
				GCC_WARN_64_TO_32_BIT_CONVERSION = YES;
				GCC_WARN_ABOUT_RETURN_TYPE = YES_ERROR;
				GCC_WARN_UNDECLARED_SELECTOR = YES;
				GCC_WARN_UNINITIALIZED_AUTOS = YES_AGGRESSIVE;
				GCC_WARN_UNUSED_FUNCTION = YES;
				GCC_WARN_UNUSED_VARIABLE = YES;
				IPHONEOS_DEPLOYMENT_TARGET = 9.2;
				MTL_ENABLE_DEBUG_INFO = YES;
				ONLY_ACTIVE_ARCH = YES;
				SDKROOT = iphoneos;
				SWIFT_OPTIMIZATION_LEVEL = "-Onone";
				TARGETED_DEVICE_FAMILY = "1,2";
			};
			name = Debug;
		};
		9EFD4EB91C3A08FF00D67927 /* Release */ = {
			isa = XCBuildConfiguration;
			buildSettings = {
				ALWAYS_SEARCH_USER_PATHS = NO;
				CLANG_CXX_LANGUAGE_STANDARD = "gnu++0x";
				CLANG_CXX_LIBRARY = "libc++";
				CLANG_ENABLE_MODULES = YES;
				CLANG_ENABLE_OBJC_ARC = YES;
				CLANG_WARN_BOOL_CONVERSION = YES;
				CLANG_WARN_CONSTANT_CONVERSION = YES;
				CLANG_WARN_DIRECT_OBJC_ISA_USAGE = YES_ERROR;
				CLANG_WARN_EMPTY_BODY = YES;
				CLANG_WARN_ENUM_CONVERSION = YES;
				CLANG_WARN_INT_CONVERSION = YES;
				CLANG_WARN_OBJC_ROOT_CLASS = YES_ERROR;
				CLANG_WARN_UNREACHABLE_CODE = YES;
				CLANG_WARN__DUPLICATE_METHOD_MATCH = YES;
				"CODE_SIGN_IDENTITY[sdk=iphoneos*]" = "iPhone Developer";
				COPY_PHASE_STRIP = NO;
				DEBUG_INFORMATION_FORMAT = "dwarf-with-dsym";
				ENABLE_NS_ASSERTIONS = NO;
				ENABLE_STRICT_OBJC_MSGSEND = YES;
				GCC_C_LANGUAGE_STANDARD = gnu99;
				GCC_NO_COMMON_BLOCKS = YES;
				GCC_WARN_64_TO_32_BIT_CONVERSION = YES;
				GCC_WARN_ABOUT_RETURN_TYPE = YES_ERROR;
				GCC_WARN_UNDECLARED_SELECTOR = YES;
				GCC_WARN_UNINITIALIZED_AUTOS = YES_AGGRESSIVE;
				GCC_WARN_UNUSED_FUNCTION = YES;
				GCC_WARN_UNUSED_VARIABLE = YES;
				IPHONEOS_DEPLOYMENT_TARGET = 9.2;
				MTL_ENABLE_DEBUG_INFO = NO;
				SDKROOT = iphoneos;
				TARGETED_DEVICE_FAMILY = "1,2";
				VALIDATE_PRODUCT = YES;
			};
			name = Release;
		};
		9EFD4EBB1C3A08FF00D67927 /* Debug */ = {
			isa = XCBuildConfiguration;
			buildSettings = {
				ASSETCATALOG_COMPILER_APPICON_NAME = AppIcon;
				CODE_SIGN_IDENTITY = "iPhone Developer";
				"CODE_SIGN_IDENTITY[sdk=iphoneos*]" = "iPhone Developer";
				INFOPLIST_FILE = tldr/Info.plist;
				LD_RUNPATH_SEARCH_PATHS = "$(inherited) @executable_path/Frameworks";
				PRODUCT_BUNDLE_IDENTIFIER = com.flamwenco.tldr;
				PRODUCT_NAME = "$(TARGET_NAME)";
				PROVISIONING_PROFILE = "";
				TARGETED_DEVICE_FAMILY = "1,2";
			};
			name = Debug;
		};
		9EFD4EBC1C3A08FF00D67927 /* Release */ = {
			isa = XCBuildConfiguration;
			buildSettings = {
				ASSETCATALOG_COMPILER_APPICON_NAME = AppIcon;
				CODE_SIGN_IDENTITY = "iPhone Developer";
				"CODE_SIGN_IDENTITY[sdk=iphoneos*]" = "iPhone Developer";
				INFOPLIST_FILE = tldr/Info.plist;
				LD_RUNPATH_SEARCH_PATHS = "$(inherited) @executable_path/Frameworks";
				PRODUCT_BUNDLE_IDENTIFIER = com.flamwenco.tldr;
				PRODUCT_NAME = "$(TARGET_NAME)";
				PROVISIONING_PROFILE = "";
				TARGETED_DEVICE_FAMILY = "1,2";
			};
			name = Release;
		};
		9EFD4EBE1C3A08FF00D67927 /* Debug */ = {
			isa = XCBuildConfiguration;
			buildSettings = {
				BUNDLE_LOADER = "$(TEST_HOST)";
				INFOPLIST_FILE = tldrTests/Info.plist;
				LD_RUNPATH_SEARCH_PATHS = "$(inherited) @executable_path/Frameworks @loader_path/Frameworks";
				PRODUCT_BUNDLE_IDENTIFIER = com.flamwenco.tldrTests;
				PRODUCT_NAME = "$(TARGET_NAME)";
				TEST_HOST = "$(BUILT_PRODUCTS_DIR)/tldr.app/tldr";
			};
			name = Debug;
		};
		9EFD4EBF1C3A08FF00D67927 /* Release */ = {
			isa = XCBuildConfiguration;
			buildSettings = {
				BUNDLE_LOADER = "$(TEST_HOST)";
				INFOPLIST_FILE = tldrTests/Info.plist;
				LD_RUNPATH_SEARCH_PATHS = "$(inherited) @executable_path/Frameworks @loader_path/Frameworks";
				PRODUCT_BUNDLE_IDENTIFIER = com.flamwenco.tldrTests;
				PRODUCT_NAME = "$(TARGET_NAME)";
				TEST_HOST = "$(BUILT_PRODUCTS_DIR)/tldr.app/tldr";
			};
			name = Release;
		};
		9EFD4EC11C3A08FF00D67927 /* Debug */ = {
			isa = XCBuildConfiguration;
			buildSettings = {
				INFOPLIST_FILE = tldrUITests/Info.plist;
				LD_RUNPATH_SEARCH_PATHS = "$(inherited) @executable_path/Frameworks @loader_path/Frameworks";
				PRODUCT_BUNDLE_IDENTIFIER = com.flamwenco.tldrUITests;
				PRODUCT_NAME = "$(TARGET_NAME)";
				TEST_TARGET_NAME = tldr;
				USES_XCTRUNNER = YES;
			};
			name = Debug;
		};
		9EFD4EC21C3A08FF00D67927 /* Release */ = {
			isa = XCBuildConfiguration;
			buildSettings = {
				INFOPLIST_FILE = tldrUITests/Info.plist;
				LD_RUNPATH_SEARCH_PATHS = "$(inherited) @executable_path/Frameworks @loader_path/Frameworks";
				PRODUCT_BUNDLE_IDENTIFIER = com.flamwenco.tldrUITests;
				PRODUCT_NAME = "$(TARGET_NAME)";
				TEST_TARGET_NAME = tldr;
				USES_XCTRUNNER = YES;
			};
			name = Release;
		};
/* End XCBuildConfiguration section */

/* Begin XCConfigurationList section */
		9EFD4E8D1C3A08FF00D67927 /* Build configuration list for PBXProject "tldr" */ = {
			isa = XCConfigurationList;
			buildConfigurations = (
				9EFD4EB81C3A08FF00D67927 /* Debug */,
				9EFD4EB91C3A08FF00D67927 /* Release */,
			);
			defaultConfigurationIsVisible = 0;
			defaultConfigurationName = Release;
		};
		9EFD4EBA1C3A08FF00D67927 /* Build configuration list for PBXNativeTarget "tldr" */ = {
			isa = XCConfigurationList;
			buildConfigurations = (
				9EFD4EBB1C3A08FF00D67927 /* Debug */,
				9EFD4EBC1C3A08FF00D67927 /* Release */,
			);
			defaultConfigurationIsVisible = 0;
			defaultConfigurationName = Release;
		};
		9EFD4EBD1C3A08FF00D67927 /* Build configuration list for PBXNativeTarget "tldrTests" */ = {
			isa = XCConfigurationList;
			buildConfigurations = (
				9EFD4EBE1C3A08FF00D67927 /* Debug */,
				9EFD4EBF1C3A08FF00D67927 /* Release */,
			);
			defaultConfigurationIsVisible = 0;
			defaultConfigurationName = Release;
		};
		9EFD4EC01C3A08FF00D67927 /* Build configuration list for PBXNativeTarget "tldrUITests" */ = {
			isa = XCConfigurationList;
			buildConfigurations = (
				9EFD4EC11C3A08FF00D67927 /* Debug */,
				9EFD4EC21C3A08FF00D67927 /* Release */,
			);
			defaultConfigurationIsVisible = 0;
			defaultConfigurationName = Release;
		};
/* End XCConfigurationList section */
	};
	rootObject = 9EFD4E8A1C3A08FF00D67927 /* Project object */;
}
